{
  "name": "@asap-protocol/starter-typescript-consumer",
  "version": "0.0.0",
  "lockfileVersion": 3,
  "requires": true,
  "packages": {
    "": {
      "name": "@asap-protocol/starter-typescript-consumer",
      "version": "0.0.0",
      "dependencies": {
        "@asap-protocol/client": "file:../../../packages/typescript/client"
      },
      "engines": {
        "node": ">=18"
      }
    },
    "../../../packages/typescript/client": {
      "name": "@asap-protocol/client",
      "version": "2.4.1",
      "license": "Apache-2.0",
      "dependencies": {
        "@noble/ed25519": "^3.1.0",
        "jose": "^6.0.10",
        "ulid": "^3.0.0"
      },
      "devDependencies": {
        "@eslint/js": "9.18.0",
        "@types/node": "^20.19.0",
        "@vitest/coverage-v8": "4.1.5",
        "agadoo": "3.0.0",
        "ai": "^6.0.174",
        "eslint": "9.18.0",
        "tsd": "^0.33.0",
        "tshy": "^3.3.2",
        "typescript": "^5.8.3",
        "typescript-eslint": "8.59.1",
        "vitest": "^4.1.1",
        "zod": "^4.4.2"
      },
      "engines": {
        "node": ">=18"
      },
      "peerDependencies": {
        "ai": "^6.0.0",
        "keytar": "^7.9.0",
        "zod": "^3.25.76 || ^4.1.8"
      },
      "peerDependenciesMeta": {
        "ai": {
          "optional": true
        },
        "keytar": {
          "optional": true
        },
        "zod": {
          "optional": true
        }
      }
    },
    "node_modules/@asap-protocol/client": {
      "resolved": "../../../packages/typescript/client",
      "link": true
    }
  }
}
